
Microsoft Visual Studio Solution File, Format Version 12.00
# Visual Studio 14
VisualStudioVersion = 14.0.23107.0
MinimumVisualStudioVersion = 10.0.40219.1
Project("{FAE04EC0-301F-11D3-BF4B-00C04F79EFBC}") = "Defender.View.WPF", "src\Defender.View.WPF\Defender.View.WPF.csproj", "{7F152FF7-0759-4189-A3DA-F9FE91366BC8}"
EndProject
Project("{FAE04EC0-301F-11D3-BF4B-00C04F79EFBC}") = "Defender.ViewModel", "src\Defender.ViewModel\Defender.ViewModel.csproj", "{F9E2859B-4AC8-4426-8814-4169B0F735FA}"
EndProject
Project("{FAE04EC0-301F-11D3-BF4B-00C04F79EFBC}") = "Defender.Model", "src\Defender.Model\Defender.Model.csproj", "{D665F7C7-8011-4A62-A3D2-0ADE1AC9DCC3}"
EndProject
Project("{FAE04EC0-301F-11D3-BF4B-00C04F79EFBC}") = "Defender.Data", "src\Defender.Data\Defender.Data.csproj", "{9114BB96-D7DE-493D-BC89-C15E3C4E2346}"
EndProject
Global
	GlobalSection(SolutionConfigurationPlatforms) = preSolution
		Debug|Any CPU = Debug|Any CPU
		Release|Any CPU = Release|Any CPU
	EndGlobalSection
	GlobalSection(ProjectConfigurationPlatforms) = postSolution
		{7F152FF7-0759-4189-A3DA-F9FE91366BC8}.Debug|Any CPU.ActiveCfg = Debug|Any CPU
		{7F152FF7-0759-4189-A3DA-F9FE91366BC8}.Debug|Any CPU.Build.0 = Debug|Any CPU
		{7F152FF7-0759-4189-A3DA-F9FE91366BC8}.Release|Any CPU.ActiveCfg = Release|Any CPU
		{7F152FF7-0759-4189-A3DA-F9FE91366BC8}.Release|Any CPU.Build.0 = Release|Any CPU
		{F9E2859B-4AC8-4426-8814-4169B0F735FA}.Debug|Any CPU.ActiveCfg = Debug|Any CPU
		{F9E2859B-4AC8-4426-8814-4169B0F735FA}.Debug|Any CPU.Build.0 = Debug|Any CPU
		{F9E2859B-4AC8-4426-8814-4169B0F735FA}.Release|Any CPU.ActiveCfg = Release|Any CPU
		{F9E2859B-4AC8-4426-8814-4169B0F735FA}.Release|Any CPU.Build.0 = Release|Any CPU
		{D665F7C7-8011-4A62-A3D2-0ADE1AC9DCC3}.Debug|Any CPU.ActiveCfg = Debug|Any CPU
		{D665F7C7-8011-4A62-A3D2-0ADE1AC9DCC3}.Debug|Any CPU.Build.0 = Debug|Any CPU
		{D665F7C7-8011-4A62-A3D2-0ADE1AC9DCC3}.Release|Any CPU.ActiveCfg = Release|Any CPU
		{D665F7C7-8011-4A62-A3D2-0ADE1AC9DCC3}.Release|Any CPU.Build.0 = Release|Any CPU
		{9114BB96-D7DE-493D-BC89-C15E3C4E2346}.Debug|Any CPU.ActiveCfg = Debug|Any CPU
		{9114BB96-D7DE-493D-BC89-C15E3C4E2346}.Debug|Any CPU.Build.0 = Debug|Any CPU
		{9114BB96-D7DE-493D-BC89-C15E3C4E2346}.Release|Any CPU.ActiveCfg = Release|Any CPU
		{9114BB96-D7DE-493D-BC89-C15E3C4E2346}.Release|Any CPU.Build.0 = Release|Any CPU
	EndGlobalSection
	GlobalSection(SolutionProperties) = preSolution
		HideSolutionNode = FALSE
	EndGlobalSection
EndGlobal
